// !$*UTF8*$!
{
	archiveVersion = 1;
	classes = {
	};
	objectVersion = 46;
	objects = {

/* Begin PBXBuildFile section */
		A30012001F0395E5003AC485 /* StarshipVC.swift in Sources */ = {isa = PBXBuildFile; fileRef = A30011FF1F0395E5003AC485 /* StarshipVC.swift */; };
		A3065B261F22CE970048C996 /* CircularImageWithBorder.swift in Sources */ = {isa = PBXBuildFile; fileRef = A3065B251F22CE970048C996 /* CircularImageWithBorder.swift */; };
		A313AF231F00A90D006EA7EC /* CircularImage.swift in Sources */ = {isa = PBXBuildFile; fileRef = A313AF221F00A90D006EA7EC /* CircularImage.swift */; };
		A318030B1F2DCF5A00C8462D /* StarWarsLexicon.xcdatamodeld in Sources */ = {isa = PBXBuildFile; fileRef = A31803091F2DCF5A00C8462D /* StarWarsLexicon.xcdatamodeld */; };
		A3257B0A1EC1E36D0067C282 /* SWCategory.swift in Sources */ = {isa = PBXBuildFile; fileRef = A3257B091EC1E36D0067C282 /* SWCategory.swift */; };
		A32B07771F498B7500BEAD9A /* Constants.swift in Sources */ = {isa = PBXBuildFile; fileRef = A32B07761F498B7500BEAD9A /* Constants.swift */; };
		A331AD7A1EFE3FA1004DBC51 /* FilmCell.swift in Sources */ = {isa = PBXBuildFile; fileRef = A331AD791EFE3FA1004DBC51 /* FilmCell.swift */; };
		A3394E231F040D55007BAA96 /* PlanetVC.swift in Sources */ = {isa = PBXBuildFile; fileRef = A3394E221F040D55007BAA96 /* PlanetVC.swift */; };
		A34289341F30062E00256EA2 /* Film+CoreDataClass.swift in Sources */ = {isa = PBXBuildFile; fileRef = A34289321F30062E00256EA2 /* Film+CoreDataClass.swift */; };
		A34289381F30064500256EA2 /* Planet+CoreDataClass.swift in Sources */ = {isa = PBXBuildFile; fileRef = A34289361F30064500256EA2 /* Planet+CoreDataClass.swift */; };
		A342893C1F30065D00256EA2 /* Vehicle+CoreDataClass.swift in Sources */ = {isa = PBXBuildFile; fileRef = A342893A1F30065D00256EA2 /* Vehicle+CoreDataClass.swift */; };
		A34289401F30066F00256EA2 /* Starship+CoreDataClass.swift in Sources */ = {isa = PBXBuildFile; fileRef = A342893E1F30066F00256EA2 /* Starship+CoreDataClass.swift */; };
		A344DB811F4FEA570012636D /* RelatedFilmCollectionVC.swift in Sources */ = {isa = PBXBuildFile; fileRef = A344DB801F4FEA570012636D /* RelatedFilmCollectionVC.swift */; };
		A34FCD481F0263A0001008EB /* CellBackgroundView.swift in Sources */ = {isa = PBXBuildFile; fileRef = A34FCD471F0263A0001008EB /* CellBackgroundView.swift */; };
		A36AE52D1F04E438000EC896 /* PlanetDetailVC.swift in Sources */ = {isa = PBXBuildFile; fileRef = A36AE52C1F04E438000EC896 /* PlanetDetailVC.swift */; };
		A387D4541F1C58E400874EF1 /* StarWarsLexiconTests.swift in Sources */ = {isa = PBXBuildFile; fileRef = A387D4531F1C58E400874EF1 /* StarWarsLexiconTests.swift */; };
		A387D4621F1C58F400874EF1 /* StarWarsLexiconUITests.swift in Sources */ = {isa = PBXBuildFile; fileRef = A387D4611F1C58F400874EF1 /* StarWarsLexiconUITests.swift */; };
		A38ACE1A1F12D20400ABCEA2 /* VehicleVC.swift in Sources */ = {isa = PBXBuildFile; fileRef = A38ACE191F12D20400ABCEA2 /* VehicleVC.swift */; };
		A39FEBF71F515010001A7141 /* Character+CoreDataProperties.swift in Sources */ = {isa = PBXBuildFile; fileRef = A39FEBF21F515010001A7141 /* Character+CoreDataProperties.swift */; };
		A39FEBF81F515010001A7141 /* Starship+CoreDataProperties.swift in Sources */ = {isa = PBXBuildFile; fileRef = A39FEBF31F515010001A7141 /* Starship+CoreDataProperties.swift */; };
		A39FEBF91F515010001A7141 /* Film+CoreDataProperties.swift in Sources */ = {isa = PBXBuildFile; fileRef = A39FEBF41F515010001A7141 /* Film+CoreDataProperties.swift */; };
		A39FEBFA1F515010001A7141 /* Planet+CoreDataProperties.swift in Sources */ = {isa = PBXBuildFile; fileRef = A39FEBF51F515010001A7141 /* Planet+CoreDataProperties.swift */; };
		A39FEBFB1F515010001A7141 /* Vehicle+CoreDataProperties.swift in Sources */ = {isa = PBXBuildFile; fileRef = A39FEBF61F515010001A7141 /* Vehicle+CoreDataProperties.swift */; };
		A3A4CFB91EE297BB00DB97C2 /* CharacterVC.swift in Sources */ = {isa = PBXBuildFile; fileRef = A3A4CFB81EE297BB00DB97C2 /* CharacterVC.swift */; };
		A3A4CFBB1EE29C2C00DB97C2 /* SWCell.swift in Sources */ = {isa = PBXBuildFile; fileRef = A3A4CFBA1EE29C2C00DB97C2 /* SWCell.swift */; };
		A3AAB92C1EBF2EE900AE53E5 /* AppDelegate.swift in Sources */ = {isa = PBXBuildFile; fileRef = A3AAB92B1EBF2EE900AE53E5 /* AppDelegate.swift */; };
		A3AAB92E1EBF2EE900AE53E5 /* FilmVC.swift in Sources */ = {isa = PBXBuildFile; fileRef = A3AAB92D1EBF2EE900AE53E5 /* FilmVC.swift */; };
		A3AAB9311EBF2EE900AE53E5 /* Main.storyboard in Resources */ = {isa = PBXBuildFile; fileRef = A3AAB92F1EBF2EE900AE53E5 /* Main.storyboard */; };
		A3AAB9331EBF2EE900AE53E5 /* Assets.xcassets in Resources */ = {isa = PBXBuildFile; fileRef = A3AAB9321EBF2EE900AE53E5 /* Assets.xcassets */; };
		A3AAB9361EBF2EE900AE53E5 /* LaunchScreen.storyboard in Resources */ = {isa = PBXBuildFile; fileRef = A3AAB9341EBF2EE900AE53E5 /* LaunchScreen.storyboard */; };
		A3AAB9401EBF302800AE53E5 /* DataService.swift in Sources */ = {isa = PBXBuildFile; fileRef = A3AAB93F1EBF302800AE53E5 /* DataService.swift */; };
		A3B69ED41F2EA8CD00ABD0A9 /* Character+CoreDataClass.swift in Sources */ = {isa = PBXBuildFile; fileRef = A3B69ED21F2EA8CD00ABD0A9 /* Character+CoreDataClass.swift */; };
		A3B69ED71F2EAD0D00ABD0A9 /* APIService.swift in Sources */ = {isa = PBXBuildFile; fileRef = A3B69ED61F2EAD0D00ABD0A9 /* APIService.swift */; };
		A3B69ED91F2EF0A400ABD0A9 /* PlanetManager.swift in Sources */ = {isa = PBXBuildFile; fileRef = A3B69ED81F2EF0A400ABD0A9 /* PlanetManager.swift */; };
		A3B69EDB1F2EFCD200ABD0A9 /* StarshipManager.swift in Sources */ = {isa = PBXBuildFile; fileRef = A3B69EDA1F2EFCD200ABD0A9 /* StarshipManager.swift */; };
		A3B69EDE1F2F0AA800ABD0A9 /* FilmManager.swift in Sources */ = {isa = PBXBuildFile; fileRef = A3B69EDD1F2F0AA800ABD0A9 /* FilmManager.swift */; };
		A3B69EE01F2F164400ABD0A9 /* VehicleManager.swift in Sources */ = {isa = PBXBuildFile; fileRef = A3B69EDF1F2F164400ABD0A9 /* VehicleManager.swift */; };
		A3CCAF421F24456B00994F57 /* CharacterManager.swift in Sources */ = {isa = PBXBuildFile; fileRef = A3CCAF411F24456B00994F57 /* CharacterManager.swift */; };
		A3CE5E9A1F064CB30047C771 /* CharacterDetailVC.swift in Sources */ = {isa = PBXBuildFile; fileRef = A3CE5E991F064CB30047C771 /* CharacterDetailVC.swift */; };
		A3F2C8FB1F0E8E0600792694 /* StarshipAndVehicleDetailVC.swift in Sources */ = {isa = PBXBuildFile; fileRef = A3F2C8FA1F0E8E0600792694 /* StarshipAndVehicleDetailVC.swift */; };
		A3F5D27D1ED75AFF00007455 /* FilmDetailVC.swift in Sources */ = {isa = PBXBuildFile; fileRef = A3F5D27C1ED75AFF00007455 /* FilmDetailVC.swift */; };
		A3FBD4621F15FCAF0069AC3E /* RelatedFilmCell.swift in Sources */ = {isa = PBXBuildFile; fileRef = A3FBD4611F15FCAF0069AC3E /* RelatedFilmCell.swift */; };
/* End PBXBuildFile section */

/* Begin PBXContainerItemProxy section */
		A387D4561F1C58E400874EF1 /* PBXContainerItemProxy */ = {
			isa = PBXContainerItemProxy;
			containerPortal = A3AAB9201EBF2EE900AE53E5 /* Project object */;
			proxyType = 1;
			remoteGlobalIDString = A3AAB9271EBF2EE900AE53E5;
			remoteInfo = StarWarsLexicon;
		};
		A387D4641F1C58F400874EF1 /* PBXContainerItemProxy */ = {
			isa = PBXContainerItemProxy;
			containerPortal = A3AAB9201EBF2EE900AE53E5 /* Project object */;
			proxyType = 1;
			remoteGlobalIDString = A3AAB9271EBF2EE900AE53E5;
			remoteInfo = StarWarsLexicon;
		};
/* End PBXContainerItemProxy section */

/* Begin PBXFileReference section */
		A30011FF1F0395E5003AC485 /* StarshipVC.swift */ = {isa = PBXFileReference; fileEncoding = 4; lastKnownFileType = sourcecode.swift; path = StarshipVC.swift; sourceTree = "<group>"; };
		A3065B251F22CE970048C996 /* CircularImageWithBorder.swift */ = {isa = PBXFileReference; fileEncoding = 4; lastKnownFileType = sourcecode.swift; path = CircularImageWithBorder.swift; sourceTree = "<group>"; };
		A313AF221F00A90D006EA7EC /* CircularImage.swift */ = {isa = PBXFileReference; fileEncoding = 4; lastKnownFileType = sourcecode.swift; path = CircularImage.swift; sourceTree = "<group>"; };
		A318030A1F2DCF5A00C8462D /* StarWarsLexicon.xcdatamodel */ = {isa = PBXFileReference; lastKnownFileType = wrapper.xcdatamodel; path = StarWarsLexicon.xcdatamodel; sourceTree = "<group>"; };
		A3257B091EC1E36D0067C282 /* SWCategory.swift */ = {isa = PBXFileReference; fileEncoding = 4; lastKnownFileType = sourcecode.swift; path = SWCategory.swift; sourceTree = "<group>"; };
		A32B07761F498B7500BEAD9A /* Constants.swift */ = {isa = PBXFileReference; fileEncoding = 4; lastKnownFileType = sourcecode.swift; path = Constants.swift; sourceTree = "<group>"; };
		A331AD791EFE3FA1004DBC51 /* FilmCell.swift */ = {isa = PBXFileReference; fileEncoding = 4; lastKnownFileType = sourcecode.swift; path = FilmCell.swift; sourceTree = "<group>"; };
		A3394E221F040D55007BAA96 /* PlanetVC.swift */ = {isa = PBXFileReference; fileEncoding = 4; lastKnownFileType = sourcecode.swift; path = PlanetVC.swift; sourceTree = "<group>"; };
		A34289321F30062E00256EA2 /* Film+CoreDataClass.swift */ = {isa = PBXFileReference; fileEncoding = 4; lastKnownFileType = sourcecode.swift; name = "Film+CoreDataClass.swift"; path = "../Film+CoreDataClass.swift"; sourceTree = "<group>"; };
		A34289361F30064500256EA2 /* Planet+CoreDataClass.swift */ = {isa = PBXFileReference; fileEncoding = 4; lastKnownFileType = sourcecode.swift; name = "Planet+CoreDataClass.swift"; path = "../Planet+CoreDataClass.swift"; sourceTree = "<group>"; };
		A342893A1F30065D00256EA2 /* Vehicle+CoreDataClass.swift */ = {isa = PBXFileReference; fileEncoding = 4; lastKnownFileType = sourcecode.swift; name = "Vehicle+CoreDataClass.swift"; path = "../Vehicle+CoreDataClass.swift"; sourceTree = "<group>"; };
		A342893E1F30066F00256EA2 /* Starship+CoreDataClass.swift */ = {isa = PBXFileReference; fileEncoding = 4; lastKnownFileType = sourcecode.swift; name = "Starship+CoreDataClass.swift"; path = "../Starship+CoreDataClass.swift"; sourceTree = "<group>"; };
		A344DB801F4FEA570012636D /* RelatedFilmCollectionVC.swift */ = {isa = PBXFileReference; fileEncoding = 4; lastKnownFileType = sourcecode.swift; path = RelatedFilmCollectionVC.swift; sourceTree = "<group>"; };
		A34FCD471F0263A0001008EB /* CellBackgroundView.swift */ = {isa = PBXFileReference; fileEncoding = 4; lastKnownFileType = sourcecode.swift; path = CellBackgroundView.swift; sourceTree = "<group>"; };
		A36AE52C1F04E438000EC896 /* PlanetDetailVC.swift */ = {isa = PBXFileReference; fileEncoding = 4; lastKnownFileType = sourcecode.swift; path = PlanetDetailVC.swift; sourceTree = "<group>"; };
		A387D4511F1C58E400874EF1 /* StarWarsLexiconTests.xctest */ = {isa = PBXFileReference; explicitFileType = wrapper.cfbundle; includeInIndex = 0; path = StarWarsLexiconTests.xctest; sourceTree = BUILT_PRODUCTS_DIR; };
		A387D4531F1C58E400874EF1 /* StarWarsLexiconTests.swift */ = {isa = PBXFileReference; lastKnownFileType = sourcecode.swift; path = StarWarsLexiconTests.swift; sourceTree = "<group>"; };
		A387D4551F1C58E400874EF1 /* Info.plist */ = {isa = PBXFileReference; lastKnownFileType = text.plist.xml; path = Info.plist; sourceTree = "<group>"; };
		A387D45F1F1C58F400874EF1 /* StarWarsLexiconUITests.xctest */ = {isa = PBXFileReference; explicitFileType = wrapper.cfbundle; includeInIndex = 0; path = StarWarsLexiconUITests.xctest; sourceTree = BUILT_PRODUCTS_DIR; };
		A387D4611F1C58F400874EF1 /* StarWarsLexiconUITests.swift */ = {isa = PBXFileReference; lastKnownFileType = sourcecode.swift; path = StarWarsLexiconUITests.swift; sourceTree = "<group>"; };
		A387D4631F1C58F400874EF1 /* Info.plist */ = {isa = PBXFileReference; lastKnownFileType = text.plist.xml; path = Info.plist; sourceTree = "<group>"; };
		A38ACE191F12D20400ABCEA2 /* VehicleVC.swift */ = {isa = PBXFileReference; fileEncoding = 4; lastKnownFileType = sourcecode.swift; path = VehicleVC.swift; sourceTree = "<group>"; };
		A39FEBF21F515010001A7141 /* Character+CoreDataProperties.swift */ = {isa = PBXFileReference; fileEncoding = 4; lastKnownFileType = sourcecode.swift; name = "Character+CoreDataProperties.swift"; path = "../Character+CoreDataProperties.swift"; sourceTree = "<group>"; };
		A39FEBF31F515010001A7141 /* Starship+CoreDataProperties.swift */ = {isa = PBXFileReference; fileEncoding = 4; lastKnownFileType = sourcecode.swift; name = "Starship+CoreDataProperties.swift"; path = "../Starship+CoreDataProperties.swift"; sourceTree = "<group>"; };
		A39FEBF41F515010001A7141 /* Film+CoreDataProperties.swift */ = {isa = PBXFileReference; fileEncoding = 4; lastKnownFileType = sourcecode.swift; name = "Film+CoreDataProperties.swift"; path = "../Film+CoreDataProperties.swift"; sourceTree = "<group>"; };
		A39FEBF51F515010001A7141 /* Planet+CoreDataProperties.swift */ = {isa = PBXFileReference; fileEncoding = 4; lastKnownFileType = sourcecode.swift; name = "Planet+CoreDataProperties.swift"; path = "../Planet+CoreDataProperties.swift"; sourceTree = "<group>"; };
		A39FEBF61F515010001A7141 /* Vehicle+CoreDataProperties.swift */ = {isa = PBXFileReference; fileEncoding = 4; lastKnownFileType = sourcecode.swift; name = "Vehicle+CoreDataProperties.swift"; path = "../Vehicle+CoreDataProperties.swift"; sourceTree = "<group>"; };
		A3A4CFB81EE297BB00DB97C2 /* CharacterVC.swift */ = {isa = PBXFileReference; fileEncoding = 4; lastKnownFileType = sourcecode.swift; path = CharacterVC.swift; sourceTree = "<group>"; };
		A3A4CFBA1EE29C2C00DB97C2 /* SWCell.swift */ = {isa = PBXFileReference; fileEncoding = 4; lastKnownFileType = sourcecode.swift; path = SWCell.swift; sourceTree = "<group>"; };
		A3AAB9281EBF2EE900AE53E5 /* StarWarsLexicon.app */ = {isa = PBXFileReference; explicitFileType = wrapper.application; includeInIndex = 0; path = StarWarsLexicon.app; sourceTree = BUILT_PRODUCTS_DIR; };
		A3AAB92B1EBF2EE900AE53E5 /* AppDelegate.swift */ = {isa = PBXFileReference; lastKnownFileType = sourcecode.swift; path = AppDelegate.swift; sourceTree = "<group>"; };
		A3AAB92D1EBF2EE900AE53E5 /* FilmVC.swift */ = {isa = PBXFileReference; lastKnownFileType = sourcecode.swift; path = FilmVC.swift; sourceTree = "<group>"; };
		A3AAB9301EBF2EE900AE53E5 /* Base */ = {isa = PBXFileReference; lastKnownFileType = file.storyboard; name = Base; path = Base.lproj/Main.storyboard; sourceTree = "<group>"; };
		A3AAB9321EBF2EE900AE53E5 /* Assets.xcassets */ = {isa = PBXFileReference; lastKnownFileType = folder.assetcatalog; path = Assets.xcassets; sourceTree = "<group>"; };
		A3AAB9351EBF2EE900AE53E5 /* Base */ = {isa = PBXFileReference; lastKnownFileType = file.storyboard; name = Base; path = Base.lproj/LaunchScreen.storyboard; sourceTree = "<group>"; };
		A3AAB9371EBF2EE900AE53E5 /* Info.plist */ = {isa = PBXFileReference; lastKnownFileType = text.plist.xml; path = Info.plist; sourceTree = "<group>"; };
		A3AAB93F1EBF302800AE53E5 /* DataService.swift */ = {isa = PBXFileReference; fileEncoding = 4; lastKnownFileType = sourcecode.swift; name = DataService.swift; path = ../DataService.swift; sourceTree = "<group>"; };
		A3B69ED21F2EA8CD00ABD0A9 /* Character+CoreDataClass.swift */ = {isa = PBXFileReference; fileEncoding = 4; lastKnownFileType = sourcecode.swift; name = "Character+CoreDataClass.swift"; path = "../Character+CoreDataClass.swift"; sourceTree = "<group>"; };
		A3B69ED61F2EAD0D00ABD0A9 /* APIService.swift */ = {isa = PBXFileReference; fileEncoding = 4; lastKnownFileType = sourcecode.swift; path = APIService.swift; sourceTree = "<group>"; };
		A3B69ED81F2EF0A400ABD0A9 /* PlanetManager.swift */ = {isa = PBXFileReference; fileEncoding = 4; lastKnownFileType = sourcecode.swift; path = PlanetManager.swift; sourceTree = "<group>"; };
		A3B69EDA1F2EFCD200ABD0A9 /* StarshipManager.swift */ = {isa = PBXFileReference; fileEncoding = 4; lastKnownFileType = sourcecode.swift; path = StarshipManager.swift; sourceTree = "<group>"; };
		A3B69EDD1F2F0AA800ABD0A9 /* FilmManager.swift */ = {isa = PBXFileReference; fileEncoding = 4; lastKnownFileType = sourcecode.swift; path = FilmManager.swift; sourceTree = "<group>"; };
		A3B69EDF1F2F164400ABD0A9 /* VehicleManager.swift */ = {isa = PBXFileReference; fileEncoding = 4; lastKnownFileType = sourcecode.swift; path = VehicleManager.swift; sourceTree = "<group>"; };
		A3CCAF411F24456B00994F57 /* CharacterManager.swift */ = {isa = PBXFileReference; fileEncoding = 4; lastKnownFileType = sourcecode.swift; path = CharacterManager.swift; sourceTree = "<group>"; };
		A3CE5E991F064CB30047C771 /* CharacterDetailVC.swift */ = {isa = PBXFileReference; fileEncoding = 4; lastKnownFileType = sourcecode.swift; path = CharacterDetailVC.swift; sourceTree = "<group>"; };
		A3F2C8FA1F0E8E0600792694 /* StarshipAndVehicleDetailVC.swift */ = {isa = PBXFileReference; fileEncoding = 4; lastKnownFileType = sourcecode.swift; path = StarshipAndVehicleDetailVC.swift; sourceTree = "<group>"; };
		A3F5D27C1ED75AFF00007455 /* FilmDetailVC.swift */ = {isa = PBXFileReference; fileEncoding = 4; lastKnownFileType = sourcecode.swift; path = FilmDetailVC.swift; sourceTree = "<group>"; };
		A3FBD4611F15FCAF0069AC3E /* RelatedFilmCell.swift */ = {isa = PBXFileReference; fileEncoding = 4; lastKnownFileType = sourcecode.swift; path = RelatedFilmCell.swift; sourceTree = "<group>"; };
/* End PBXFileReference section */

/* Begin PBXFrameworksBuildPhase section */
		A387D44E1F1C58E400874EF1 /* Frameworks */ = {
			isa = PBXFrameworksBuildPhase;
			buildActionMask = 2147483647;
			files = (
			);
			runOnlyForDeploymentPostprocessing = 0;
		};
		A387D45C1F1C58F400874EF1 /* Frameworks */ = {
			isa = PBXFrameworksBuildPhase;
			buildActionMask = 2147483647;
			files = (
			);
			runOnlyForDeploymentPostprocessing = 0;
		};
		A3AAB9251EBF2EE900AE53E5 /* Frameworks */ = {
			isa = PBXFrameworksBuildPhase;
			buildActionMask = 2147483647;
			files = (
			);
			runOnlyForDeploymentPostprocessing = 0;
		};
/* End PBXFrameworksBuildPhase section */

/* Begin PBXGroup section */
		A32B07611F49803D00BEAD9A /* Entire Project */ = {
			isa = PBXGroup;
			children = (
				A3A4CFBC1EE2A0CF00DB97C2 /* Controller */,
				A3A4CFBD1EE2A0D800DB97C2 /* View */,
				A3A4CFBE1EE2A0E500DB97C2 /* Model */,
				A3AAB93F1EBF302800AE53E5 /* DataService.swift */,
				A3B69ED61F2EAD0D00ABD0A9 /* APIService.swift */,
				A3AAB92B1EBF2EE900AE53E5 /* AppDelegate.swift */,
				A3AAB92F1EBF2EE900AE53E5 /* Main.storyboard */,
				A3AAB9321EBF2EE900AE53E5 /* Assets.xcassets */,
				A3AAB9341EBF2EE900AE53E5 /* LaunchScreen.storyboard */,
				A3AAB9371EBF2EE900AE53E5 /* Info.plist */,
				A32B07761F498B7500BEAD9A /* Constants.swift */,
			);
			name = "Entire Project";
			sourceTree = "<group>";
		};
		A32B07621F49804800BEAD9A /* Film Tab */ = {
			isa = PBXGroup;
			children = (
				A32B07661F49808A00BEAD9A /* Model */,
				A32B07651F49808400BEAD9A /* View */,
				A32B07641F49807E00BEAD9A /* Controller */,
			);
			name = "Film Tab";
			sourceTree = "<group>";
		};
		A32B07631F49805400BEAD9A /* Character Tab */ = {
			isa = PBXGroup;
			children = (
				A32B07671F4980D800BEAD9A /* Model */,
				A32B07681F4980DE00BEAD9A /* View */,
				A32B07691F4980E300BEAD9A /* Controller */,
			);
			name = "Character Tab";
			sourceTree = "<group>";
		};
		A32B07641F49807E00BEAD9A /* Controller */ = {
			isa = PBXGroup;
			children = (
				A3B69EDD1F2F0AA800ABD0A9 /* FilmManager.swift */,
				A3AAB92D1EBF2EE900AE53E5 /* FilmVC.swift */,
				A3F5D27C1ED75AFF00007455 /* FilmDetailVC.swift */,
			);
			name = Controller;
			sourceTree = "<group>";
		};
		A32B07651F49808400BEAD9A /* View */ = {
			isa = PBXGroup;
			children = (
				A331AD791EFE3FA1004DBC51 /* FilmCell.swift */,
			);
			name = View;
			sourceTree = "<group>";
		};
		A32B07661F49808A00BEAD9A /* Model */ = {
			isa = PBXGroup;
			children = (
				A39FEBF41F515010001A7141 /* Film+CoreDataProperties.swift */,
				A34289321F30062E00256EA2 /* Film+CoreDataClass.swift */,
			);
			name = Model;
			sourceTree = "<group>";
		};
		A32B07671F4980D800BEAD9A /* Model */ = {
			isa = PBXGroup;
			children = (
				A39FEBF21F515010001A7141 /* Character+CoreDataProperties.swift */,
				A3B69ED21F2EA8CD00ABD0A9 /* Character+CoreDataClass.swift */,
			);
			name = Model;
			sourceTree = "<group>";
		};
		A32B07681F4980DE00BEAD9A /* View */ = {
			isa = PBXGroup;
			children = (
			);
			name = View;
			sourceTree = "<group>";
		};
		A32B07691F4980E300BEAD9A /* Controller */ = {
			isa = PBXGroup;
			children = (
				A3CCAF411F24456B00994F57 /* CharacterManager.swift */,
				A3A4CFB81EE297BB00DB97C2 /* CharacterVC.swift */,
				A3CE5E991F064CB30047C771 /* CharacterDetailVC.swift */,
			);
			name = Controller;
			sourceTree = "<group>";
		};
		A32B076A1F49811500BEAD9A /* Planet Tab */ = {
			isa = PBXGroup;
			children = (
				A32B076D1F49814D00BEAD9A /* Model */,
				A32B076E1F49815300BEAD9A /* View */,
				A32B076F1F49815800BEAD9A /* Controller */,
			);
			name = "Planet Tab";
			sourceTree = "<group>";
		};
		A32B076B1F49811D00BEAD9A /* Vehicle Tab */ = {
			isa = PBXGroup;
			children = (
				A32B07751F4981B300BEAD9A /* Model */,
				A32B07741F4981AE00BEAD9A /* View */,
				A32B07731F4981A700BEAD9A /* Controller */,
			);
			name = "Vehicle Tab";
			sourceTree = "<group>";
		};
		A32B076C1F49812A00BEAD9A /* Starship Tab */ = {
			isa = PBXGroup;
			children = (
				A32B07701F49815F00BEAD9A /* Model */,
				A32B07711F49816400BEAD9A /* View */,
				A32B07721F49816800BEAD9A /* Controller */,
			);
			name = "Starship Tab";
			sourceTree = "<group>";
		};
		A32B076D1F49814D00BEAD9A /* Model */ = {
			isa = PBXGroup;
			children = (
				A39FEBF51F515010001A7141 /* Planet+CoreDataProperties.swift */,
				A34289361F30064500256EA2 /* Planet+CoreDataClass.swift */,
			);
			name = Model;
			sourceTree = "<group>";
		};
		A32B076E1F49815300BEAD9A /* View */ = {
			isa = PBXGroup;
			children = (
			);
			name = View;
			sourceTree = "<group>";
		};
		A32B076F1F49815800BEAD9A /* Controller */ = {
			isa = PBXGroup;
			children = (
				A3B69ED81F2EF0A400ABD0A9 /* PlanetManager.swift */,
				A3394E221F040D55007BAA96 /* PlanetVC.swift */,
				A36AE52C1F04E438000EC896 /* PlanetDetailVC.swift */,
			);
			name = Controller;
			sourceTree = "<group>";
		};
		A32B07701F49815F00BEAD9A /* Model */ = {
			isa = PBXGroup;
			children = (
				A39FEBF31F515010001A7141 /* Starship+CoreDataProperties.swift */,
				A342893E1F30066F00256EA2 /* Starship+CoreDataClass.swift */,
			);
			name = Model;
			sourceTree = "<group>";
		};
		A32B07711F49816400BEAD9A /* View */ = {
			isa = PBXGroup;
			children = (
			);
			name = View;
			sourceTree = "<group>";
		};
		A32B07721F49816800BEAD9A /* Controller */ = {
			isa = PBXGroup;
			children = (
				A3B69EDA1F2EFCD200ABD0A9 /* StarshipManager.swift */,
				A30011FF1F0395E5003AC485 /* StarshipVC.swift */,
				A3F2C8FA1F0E8E0600792694 /* StarshipAndVehicleDetailVC.swift */,
			);
			name = Controller;
			sourceTree = "<group>";
		};
		A32B07731F4981A700BEAD9A /* Controller */ = {
			isa = PBXGroup;
			children = (
				A3B69EDF1F2F164400ABD0A9 /* VehicleManager.swift */,
				A38ACE191F12D20400ABCEA2 /* VehicleVC.swift */,
			);
			name = Controller;
			sourceTree = "<group>";
		};
		A32B07741F4981AE00BEAD9A /* View */ = {
			isa = PBXGroup;
			children = (
			);
			name = View;
			sourceTree = "<group>";
		};
		A32B07751F4981B300BEAD9A /* Model */ = {
			isa = PBXGroup;
			children = (
				A39FEBF61F515010001A7141 /* Vehicle+CoreDataProperties.swift */,
				A342893A1F30065D00256EA2 /* Vehicle+CoreDataClass.swift */,
			);
			name = Model;
			sourceTree = "<group>";
		};
		A387D4521F1C58E400874EF1 /* StarWarsLexiconTests */ = {
			isa = PBXGroup;
			children = (
				A387D4531F1C58E400874EF1 /* StarWarsLexiconTests.swift */,
				A387D4551F1C58E400874EF1 /* Info.plist */,
			);
			path = StarWarsLexiconTests;
			sourceTree = "<group>";
		};
		A387D4601F1C58F400874EF1 /* StarWarsLexiconUITests */ = {
			isa = PBXGroup;
			children = (
				A387D4611F1C58F400874EF1 /* StarWarsLexiconUITests.swift */,
				A387D4631F1C58F400874EF1 /* Info.plist */,
			);
			path = StarWarsLexiconUITests;
			sourceTree = "<group>";
		};
		A3A4CFBC1EE2A0CF00DB97C2 /* Controller */ = {
			isa = PBXGroup;
			children = (
				A344DB801F4FEA570012636D /* RelatedFilmCollectionVC.swift */,
			);
			name = Controller;
			sourceTree = "<group>";
		};
		A3A4CFBD1EE2A0D800DB97C2 /* View */ = {
			isa = PBXGroup;
			children = (
				A3A4CFBA1EE29C2C00DB97C2 /* SWCell.swift */,
				A3FBD4611F15FCAF0069AC3E /* RelatedFilmCell.swift */,
				A313AF221F00A90D006EA7EC /* CircularImage.swift */,
				A3065B251F22CE970048C996 /* CircularImageWithBorder.swift */,
				A34FCD471F0263A0001008EB /* CellBackgroundView.swift */,
			);
			name = View;
			sourceTree = "<group>";
		};
		A3A4CFBE1EE2A0E500DB97C2 /* Model */ = {
			isa = PBXGroup;
			children = (
				A31803091F2DCF5A00C8462D /* StarWarsLexicon.xcdatamodeld */,
				A3257B091EC1E36D0067C282 /* SWCategory.swift */,
			);
			name = Model;
			sourceTree = "<group>";
		};
		A3AAB91F1EBF2EE900AE53E5 = {
			isa = PBXGroup;
			children = (
				A3AAB92A1EBF2EE900AE53E5 /* StarWarsLexicon */,
				A387D4521F1C58E400874EF1 /* StarWarsLexiconTests */,
				A387D4601F1C58F400874EF1 /* StarWarsLexiconUITests */,
				A3AAB9291EBF2EE900AE53E5 /* Products */,
			);
			sourceTree = "<group>";
		};
		A3AAB9291EBF2EE900AE53E5 /* Products */ = {
			isa = PBXGroup;
			children = (
				A3AAB9281EBF2EE900AE53E5 /* StarWarsLexicon.app */,
				A387D4511F1C58E400874EF1 /* StarWarsLexiconTests.xctest */,
				A387D45F1F1C58F400874EF1 /* StarWarsLexiconUITests.xctest */,
			);
			name = Products;
			sourceTree = "<group>";
		};
		A3AAB92A1EBF2EE900AE53E5 /* StarWarsLexicon */ = {
			isa = PBXGroup;
			children = (
				A32B07611F49803D00BEAD9A /* Entire Project */,
				A32B07621F49804800BEAD9A /* Film Tab */,
				A32B07631F49805400BEAD9A /* Character Tab */,
				A32B076A1F49811500BEAD9A /* Planet Tab */,
				A32B076C1F49812A00BEAD9A /* Starship Tab */,
				A32B076B1F49811D00BEAD9A /* Vehicle Tab */,
			);
			path = StarWarsLexicon;
			sourceTree = "<group>";
		};
/* End PBXGroup section */

/* Begin PBXNativeTarget section */
		A387D4501F1C58E400874EF1 /* StarWarsLexiconTests */ = {
			isa = PBXNativeTarget;
			buildConfigurationList = A387D45A1F1C58E400874EF1 /* Build configuration list for PBXNativeTarget "StarWarsLexiconTests" */;
			buildPhases = (
				A387D44D1F1C58E400874EF1 /* Sources */,
				A387D44E1F1C58E400874EF1 /* Frameworks */,
				A387D44F1F1C58E400874EF1 /* Resources */,
			);
			buildRules = (
			);
			dependencies = (
				A387D4571F1C58E400874EF1 /* PBXTargetDependency */,
			);
			name = StarWarsLexiconTests;
			productName = StarWarsLexiconTests;
			productReference = A387D4511F1C58E400874EF1 /* StarWarsLexiconTests.xctest */;
			productType = "com.apple.product-type.bundle.unit-test";
		};
		A387D45E1F1C58F400874EF1 /* StarWarsLexiconUITests */ = {
			isa = PBXNativeTarget;
			buildConfigurationList = A387D4661F1C58F400874EF1 /* Build configuration list for PBXNativeTarget "StarWarsLexiconUITests" */;
			buildPhases = (
				A387D45B1F1C58F400874EF1 /* Sources */,
				A387D45C1F1C58F400874EF1 /* Frameworks */,
				A387D45D1F1C58F400874EF1 /* Resources */,
			);
			buildRules = (
			);
			dependencies = (
				A387D4651F1C58F400874EF1 /* PBXTargetDependency */,
			);
			name = StarWarsLexiconUITests;
			productName = StarWarsLexiconUITests;
			productReference = A387D45F1F1C58F400874EF1 /* StarWarsLexiconUITests.xctest */;
			productType = "com.apple.product-type.bundle.ui-testing";
		};
		A3AAB9271EBF2EE900AE53E5 /* StarWarsLexicon */ = {
			isa = PBXNativeTarget;
			buildConfigurationList = A3AAB93A1EBF2EE900AE53E5 /* Build configuration list for PBXNativeTarget "StarWarsLexicon" */;
			buildPhases = (
				A3AAB9241EBF2EE900AE53E5 /* Sources */,
				A3AAB9251EBF2EE900AE53E5 /* Frameworks */,
				A3AAB9261EBF2EE900AE53E5 /* Resources */,
			);
			buildRules = (
			);
			dependencies = (
			);
			name = StarWarsLexicon;
			productName = StarWarsLexicon;
			productReference = A3AAB9281EBF2EE900AE53E5 /* StarWarsLexicon.app */;
			productType = "com.apple.product-type.application";
		};
/* End PBXNativeTarget section */

/* Begin PBXProject section */
		A3AAB9201EBF2EE900AE53E5 /* Project object */ = {
			isa = PBXProject;
			attributes = {
				LastSwiftUpdateCheck = 0830;
				LastUpgradeCheck = 0830;
				ORGANIZATIONNAME = "Joshua Kaplan";
				TargetAttributes = {
					A387D4501F1C58E400874EF1 = {
						CreatedOnToolsVersion = 8.3.3;
						DevelopmentTeam = 3EFBU2355T;
						ProvisioningStyle = Automatic;
						TestTargetID = A3AAB9271EBF2EE900AE53E5;
					};
					A387D45E1F1C58F400874EF1 = {
						CreatedOnToolsVersion = 8.3.3;
						DevelopmentTeam = 3EFBU2355T;
						ProvisioningStyle = Automatic;
						TestTargetID = A3AAB9271EBF2EE900AE53E5;
					};
					A3AAB9271EBF2EE900AE53E5 = {
						CreatedOnToolsVersion = 8.3.2;
						DevelopmentTeam = 3EFBU2355T;
						ProvisioningStyle = Automatic;
					};
				};
			};
			buildConfigurationList = A3AAB9231EBF2EE900AE53E5 /* Build configuration list for PBXProject "StarWarsLexicon" */;
			compatibilityVersion = "Xcode 3.2";
			developmentRegion = English;
			hasScannedForEncodings = 0;
			knownRegions = (
				en,
				Base,
			);
			mainGroup = A3AAB91F1EBF2EE900AE53E5;
			productRefGroup = A3AAB9291EBF2EE900AE53E5 /* Products */;
			projectDirPath = "";
			projectRoot = "";
			targets = (
				A3AAB9271EBF2EE900AE53E5 /* StarWarsLexicon */,
				A387D4501F1C58E400874EF1 /* StarWarsLexiconTests */,
				A387D45E1F1C58F400874EF1 /* StarWarsLexiconUITests */,
			);
		};
/* End PBXProject section */

/* Begin PBXResourcesBuildPhase section */
		A387D44F1F1C58E400874EF1 /* Resources */ = {
			isa = PBXResourcesBuildPhase;
			buildActionMask = 2147483647;
			files = (
			);
			runOnlyForDeploymentPostprocessing = 0;
		};
		A387D45D1F1C58F400874EF1 /* Resources */ = {
			isa = PBXResourcesBuildPhase;
			buildActionMask = 2147483647;
			files = (
			);
			runOnlyForDeploymentPostprocessing = 0;
		};
		A3AAB9261EBF2EE900AE53E5 /* Resources */ = {
			isa = PBXResourcesBuildPhase;
			buildActionMask = 2147483647;
			files = (
				A3AAB9361EBF2EE900AE53E5 /* LaunchScreen.storyboard in Resources */,
				A3AAB9331EBF2EE900AE53E5 /* Assets.xcassets in Resources */,
				A3AAB9311EBF2EE900AE53E5 /* Main.storyboard in Resources */,
			);
			runOnlyForDeploymentPostprocessing = 0;
		};
/* End PBXResourcesBuildPhase section */

/* Begin PBXSourcesBuildPhase section */
		A387D44D1F1C58E400874EF1 /* Sources */ = {
			isa = PBXSourcesBuildPhase;
			buildActionMask = 2147483647;
			files = (
				A387D4541F1C58E400874EF1 /* StarWarsLexiconTests.swift in Sources */,
			);
			runOnlyForDeploymentPostprocessing = 0;
		};
		A387D45B1F1C58F400874EF1 /* Sources */ = {
			isa = PBXSourcesBuildPhase;
			buildActionMask = 2147483647;
			files = (
				A387D4621F1C58F400874EF1 /* StarWarsLexiconUITests.swift in Sources */,
			);
			runOnlyForDeploymentPostprocessing = 0;
		};
		A3AAB9241EBF2EE900AE53E5 /* Sources */ = {
			isa = PBXSourcesBuildPhase;
			buildActionMask = 2147483647;
			files = (
				A3AAB92E1EBF2EE900AE53E5 /* FilmVC.swift in Sources */,
				A3B69EDB1F2EFCD200ABD0A9 /* StarshipManager.swift in Sources */,
				A39FEBF71F515010001A7141 /* Character+CoreDataProperties.swift in Sources */,
				A3F5D27D1ED75AFF00007455 /* FilmDetailVC.swift in Sources */,
				A3394E231F040D55007BAA96 /* PlanetVC.swift in Sources */,
				A34289401F30066F00256EA2 /* Starship+CoreDataClass.swift in Sources */,
				A38ACE1A1F12D20400ABCEA2 /* VehicleVC.swift in Sources */,
				A3F2C8FB1F0E8E0600792694 /* StarshipAndVehicleDetailVC.swift in Sources */,
				A3B69ED91F2EF0A400ABD0A9 /* PlanetManager.swift in Sources */,
				A313AF231F00A90D006EA7EC /* CircularImage.swift in Sources */,
				A318030B1F2DCF5A00C8462D /* StarWarsLexicon.xcdatamodeld in Sources */,
				A3FBD4621F15FCAF0069AC3E /* RelatedFilmCell.swift in Sources */,
				A39FEBF91F515010001A7141 /* Film+CoreDataProperties.swift in Sources */,
				A34289381F30064500256EA2 /* Planet+CoreDataClass.swift in Sources */,
				A3257B0A1EC1E36D0067C282 /* SWCategory.swift in Sources */,
				A3AAB92C1EBF2EE900AE53E5 /* AppDelegate.swift in Sources */,
				A34FCD481F0263A0001008EB /* CellBackgroundView.swift in Sources */,
				A3A4CFB91EE297BB00DB97C2 /* CharacterVC.swift in Sources */,
				A3AAB9401EBF302800AE53E5 /* DataService.swift in Sources */,
				A36AE52D1F04E438000EC896 /* PlanetDetailVC.swift in Sources */,
				A3B69EE01F2F164400ABD0A9 /* VehicleManager.swift in Sources */,
				A39FEBFA1F515010001A7141 /* Planet+CoreDataProperties.swift in Sources */,
				A3CCAF421F24456B00994F57 /* CharacterManager.swift in Sources */,
				A3B69ED41F2EA8CD00ABD0A9 /* Character+CoreDataClass.swift in Sources */,
				A3A4CFBB1EE29C2C00DB97C2 /* SWCell.swift in Sources */,
				A3065B261F22CE970048C996 /* CircularImageWithBorder.swift in Sources */,
				A3B69ED71F2EAD0D00ABD0A9 /* APIService.swift in Sources */,
				A39FEBF81F515010001A7141 /* Starship+CoreDataProperties.swift in Sources */,
				A342893C1F30065D00256EA2 /* Vehicle+CoreDataClass.swift in Sources */,
				A34289341F30062E00256EA2 /* Film+CoreDataClass.swift in Sources */,
				A3B69EDE1F2F0AA800ABD0A9 /* FilmManager.swift in Sources */,
				A3CE5E9A1F064CB30047C771 /* CharacterDetailVC.swift in Sources */,
				A30012001F0395E5003AC485 /* StarshipVC.swift in Sources */,
				A344DB811F4FEA570012636D /* RelatedFilmCollectionVC.swift in Sources */,
				A39FEBFB1F515010001A7141 /* Vehicle+CoreDataProperties.swift in Sources */,
				A331AD7A1EFE3FA1004DBC51 /* FilmCell.swift in Sources */,
				A32B07771F498B7500BEAD9A /* Constants.swift in Sources */,
			);
			runOnlyForDeploymentPostprocessing = 0;
		};
/* End PBXSourcesBuildPhase section */

/* Begin PBXTargetDependency section */
		A387D4571F1C58E400874EF1 /* PBXTargetDependency */ = {
			isa = PBXTargetDependency;
			target = A3AAB9271EBF2EE900AE53E5 /* StarWarsLexicon */;
			targetProxy = A387D4561F1C58E400874EF1 /* PBXContainerItemProxy */;
		};
		A387D4651F1C58F400874EF1 /* PBXTargetDependency */ = {
			isa = PBXTargetDependency;
			target = A3AAB9271EBF2EE900AE53E5 /* StarWarsLexicon */;
			targetProxy = A387D4641F1C58F400874EF1 /* PBXContainerItemProxy */;
		};
/* End PBXTargetDependency section */

/* Begin PBXVariantGroup section */
		A3AAB92F1EBF2EE900AE53E5 /* Main.storyboard */ = {
			isa = PBXVariantGroup;
			children = (
				A3AAB9301EBF2EE900AE53E5 /* Base */,
			);
			name = Main.storyboard;
			sourceTree = "<group>";
		};
		A3AAB9341EBF2EE900AE53E5 /* LaunchScreen.storyboard */ = {
			isa = PBXVariantGroup;
			children = (
				A3AAB9351EBF2EE900AE53E5 /* Base */,
			);
			name = LaunchScreen.storyboard;
			sourceTree = "<group>";
		};
/* End PBXVariantGroup section */

/* Begin XCBuildConfiguration section */
		A387D4581F1C58E400874EF1 /* Debug */ = {
			isa = XCBuildConfiguration;
			buildSettings = {
				BUNDLE_LOADER = "$(TEST_HOST)";
				DEVELOPMENT_TEAM = 3EFBU2355T;
				INFOPLIST_FILE = StarWarsLexiconTests/Info.plist;
				LD_RUNPATH_SEARCH_PATHS = "$(inherited) @executable_path/Frameworks @loader_path/Frameworks";
				PRODUCT_BUNDLE_IDENTIFIER = com.josh.StarWarsLexiconTests;
				PRODUCT_NAME = "$(TARGET_NAME)";
				SWIFT_VERSION = 3.0;
				TEST_HOST = "$(BUILT_PRODUCTS_DIR)/StarWarsLexicon.app/StarWarsLexicon";
			};
			name = Debug;
		};
		A387D4591F1C58E400874EF1 /* Release */ = {
			isa = XCBuildConfiguration;
			buildSettings = {
				BUNDLE_LOADER = "$(TEST_HOST)";
				DEVELOPMENT_TEAM = 3EFBU2355T;
				INFOPLIST_FILE = StarWarsLexiconTests/Info.plist;
				LD_RUNPATH_SEARCH_PATHS = "$(inherited) @executable_path/Frameworks @loader_path/Frameworks";
				PRODUCT_BUNDLE_IDENTIFIER = com.josh.StarWarsLexiconTests;
				PRODUCT_NAME = "$(TARGET_NAME)";
				SWIFT_VERSION = 3.0;
				TEST_HOST = "$(BUILT_PRODUCTS_DIR)/StarWarsLexicon.app/StarWarsLexicon";
			};
			name = Release;
		};
		A387D4671F1C58F400874EF1 /* Debug */ = {
			isa = XCBuildConfiguration;
			buildSettings = {
				DEVELOPMENT_TEAM = 3EFBU2355T;
				INFOPLIST_FILE = StarWarsLexiconUITests/Info.plist;
				LD_RUNPATH_SEARCH_PATHS = "$(inherited) @executable_path/Frameworks @loader_path/Frameworks";
				PRODUCT_BUNDLE_IDENTIFIER = com.josh.StarWarsLexiconUITests;
				PRODUCT_NAME = "$(TARGET_NAME)";
				SWIFT_VERSION = 3.0;
				TEST_TARGET_NAME = StarWarsLexicon;
			};
			name = Debug;
		};
		A387D4681F1C58F400874EF1 /* Release */ = {
			isa = XCBuildConfiguration;
			buildSettings = {
				DEVELOPMENT_TEAM = 3EFBU2355T;
				INFOPLIST_FILE = StarWarsLexiconUITests/Info.plist;
				LD_RUNPATH_SEARCH_PATHS = "$(inherited) @executable_path/Frameworks @loader_path/Frameworks";
				PRODUCT_BUNDLE_IDENTIFIER = com.josh.StarWarsLexiconUITests;
				PRODUCT_NAME = "$(TARGET_NAME)";
				SWIFT_VERSION = 3.0;
				TEST_TARGET_NAME = StarWarsLexicon;
			};
			name = Release;
		};
		A3AAB9381EBF2EE900AE53E5 /* Debug */ = {
			isa = XCBuildConfiguration;
			buildSettings = {
				ALWAYS_SEARCH_USER_PATHS = NO;
				CLANG_ANALYZER_NONNULL = YES;
				CLANG_ANALYZER_NUMBER_OBJECT_CONVERSION = YES_AGGRESSIVE;
				CLANG_CXX_LANGUAGE_STANDARD = "gnu++0x";
				CLANG_CXX_LIBRARY = "libc++";
				CLANG_ENABLE_MODULES = YES;
				CLANG_ENABLE_OBJC_ARC = YES;
				CLANG_WARN_BOOL_CONVERSION = YES;
				CLANG_WARN_CONSTANT_CONVERSION = YES;
				CLANG_WARN_DIRECT_OBJC_ISA_USAGE = YES_ERROR;
				CLANG_WARN_DOCUMENTATION_COMMENTS = YES;
				CLANG_WARN_EMPTY_BODY = YES;
				CLANG_WARN_ENUM_CONVERSION = YES;
				CLANG_WARN_INFINITE_RECURSION = YES;
				CLANG_WARN_INT_CONVERSION = YES;
				CLANG_WARN_OBJC_ROOT_CLASS = YES_ERROR;
				CLANG_WARN_SUSPICIOUS_MOVE = YES;
				CLANG_WARN_UNREACHABLE_CODE = YES;
				CLANG_WARN__DUPLICATE_METHOD_MATCH = YES;
				"CODE_SIGN_IDENTITY[sdk=iphoneos*]" = "iPhone Developer";
				COPY_PHASE_STRIP = NO;
				DEBUG_INFORMATION_FORMAT = dwarf;
				ENABLE_STRICT_OBJC_MSGSEND = YES;
				ENABLE_TESTABILITY = YES;
				GCC_C_LANGUAGE_STANDARD = gnu99;
				GCC_DYNAMIC_NO_PIC = NO;
				GCC_NO_COMMON_BLOCKS = YES;
				GCC_OPTIMIZATION_LEVEL = 0;
				GCC_PREPROCESSOR_DEFINITIONS = (
					"DEBUG=1",
					"$(inherited)",
				);
				GCC_WARN_64_TO_32_BIT_CONVERSION = YES;
				GCC_WARN_ABOUT_RETURN_TYPE = YES_ERROR;
				GCC_WARN_UNDECLARED_SELECTOR = YES;
				GCC_WARN_UNINITIALIZED_AUTOS = YES_AGGRESSIVE;
				GCC_WARN_UNUSED_FUNCTION = YES;
				GCC_WARN_UNUSED_VARIABLE = YES;
				IPHONEOS_DEPLOYMENT_TARGET = 10.3;
				MTL_ENABLE_DEBUG_INFO = YES;
				ONLY_ACTIVE_ARCH = YES;
				SDKROOT = iphoneos;
				SWIFT_ACTIVE_COMPILATION_CONDITIONS = DEBUG;
				SWIFT_OPTIMIZATION_LEVEL = "-Onone";
				TARGETED_DEVICE_FAMILY = "1,2";
			};
			name = Debug;
		};
		A3AAB9391EBF2EE900AE53E5 /* Release */ = {
			isa = XCBuildConfiguration;
			buildSettings = {
				ALWAYS_SEARCH_USER_PATHS = NO;
				CLANG_ANALYZER_NONNULL = YES;
				CLANG_ANALYZER_NUMBER_OBJECT_CONVERSION = YES_AGGRESSIVE;
				CLANG_CXX_LANGUAGE_STANDARD = "gnu++0x";
				CLANG_CXX_LIBRARY = "libc++";
				CLANG_ENABLE_MODULES = YES;
				CLANG_ENABLE_OBJC_ARC = YES;
				CLANG_WARN_BOOL_CONVERSION = YES;
				CLANG_WARN_CONSTANT_CONVERSION = YES;
				CLANG_WARN_DIRECT_OBJC_ISA_USAGE = YES_ERROR;
				CLANG_WARN_DOCUMENTATION_COMMENTS = YES;
				CLANG_WARN_EMPTY_BODY = YES;
				CLANG_WARN_ENUM_CONVERSION = YES;
				CLANG_WARN_INFINITE_RECURSION = YES;
				CLANG_WARN_INT_CONVERSION = YES;
				CLANG_WARN_OBJC_ROOT_CLASS = YES_ERROR;
				CLANG_WARN_SUSPICIOUS_MOVE = YES;
				CLANG_WARN_UNREACHABLE_CODE = YES;
				CLANG_WARN__DUPLICATE_METHOD_MATCH = YES;
				"CODE_SIGN_IDENTITY[sdk=iphoneos*]" = "iPhone Developer";
				COPY_PHASE_STRIP = NO;
				DEBUG_INFORMATION_FORMAT = "dwarf-with-dsym";
				ENABLE_NS_ASSERTIONS = NO;
				ENABLE_STRICT_OBJC_MSGSEND = YES;
				GCC_C_LANGUAGE_STANDARD = gnu99;
				GCC_NO_COMMON_BLOCKS = YES;
				GCC_WARN_64_TO_32_BIT_CONVERSION = YES;
				GCC_WARN_ABOUT_RETURN_TYPE = YES_ERROR;
				GCC_WARN_UNDECLARED_SELECTOR = YES;
				GCC_WARN_UNINITIALIZED_AUTOS = YES_AGGRESSIVE;
				GCC_WARN_UNUSED_FUNCTION = YES;
				GCC_WARN_UNUSED_VARIABLE = YES;
				IPHONEOS_DEPLOYMENT_TARGET = 10.3;
				MTL_ENABLE_DEBUG_INFO = NO;
				SDKROOT = iphoneos;
				SWIFT_OPTIMIZATION_LEVEL = "-Owholemodule";
				TARGETED_DEVICE_FAMILY = "1,2";
				VALIDATE_PRODUCT = YES;
			};
			name = Release;
		};
		A3AAB93B1EBF2EE900AE53E5 /* Debug */ = {
			isa = XCBuildConfiguration;
			buildSettings = {
				ASSETCATALOG_COMPILER_APPICON_NAME = AppIcon;
				DEVELOPMENT_TEAM = 3EFBU2355T;
				INFOPLIST_FILE = StarWarsLexicon/Info.plist;
				LD_RUNPATH_SEARCH_PATHS = "$(inherited) @executable_path/Frameworks";
				PRODUCT_BUNDLE_IDENTIFIER = com.josh.StarWarsLexicon;
				PRODUCT_NAME = "$(TARGET_NAME)";
				SWIFT_VERSION = 3.0;
				TARGETED_DEVICE_FAMILY = 1;
			};
			name = Debug;
		};
		A3AAB93C1EBF2EE900AE53E5 /* Release */ = {
			isa = XCBuildConfiguration;
			buildSettings = {
				ASSETCATALOG_COMPILER_APPICON_NAME = AppIcon;
				DEVELOPMENT_TEAM = 3EFBU2355T;
				INFOPLIST_FILE = StarWarsLexicon/Info.plist;
				LD_RUNPATH_SEARCH_PATHS = "$(inherited) @executable_path/Frameworks";
				PRODUCT_BUNDLE_IDENTIFIER = com.josh.StarWarsLexicon;
				PRODUCT_NAME = "$(TARGET_NAME)";
				SWIFT_VERSION = 3.0;
				TARGETED_DEVICE_FAMILY = 1;
			};
			name = Release;
		};
/* End XCBuildConfiguration section */

/* Begin XCConfigurationList section */
		A387D45A1F1C58E400874EF1 /* Build configuration list for PBXNativeTarget "StarWarsLexiconTests" */ = {
			isa = XCConfigurationList;
			buildConfigurations = (
				A387D4581F1C58E400874EF1 /* Debug */,
				A387D4591F1C58E400874EF1 /* Release */,
			);
			defaultConfigurationIsVisible = 0;
			defaultConfigurationName = Release;
		};
		A387D4661F1C58F400874EF1 /* Build configuration list for PBXNativeTarget "StarWarsLexiconUITests" */ = {
			isa = XCConfigurationList;
			buildConfigurations = (
				A387D4671F1C58F400874EF1 /* Debug */,
				A387D4681F1C58F400874EF1 /* Release */,
			);
			defaultConfigurationIsVisible = 0;
			defaultConfigurationName = Release;
		};
		A3AAB9231EBF2EE900AE53E5 /* Build configuration list for PBXProject "StarWarsLexicon" */ = {
			isa = XCConfigurationList;
			buildConfigurations = (
				A3AAB9381EBF2EE900AE53E5 /* Debug */,
				A3AAB9391EBF2EE900AE53E5 /* Release */,
			);
			defaultConfigurationIsVisible = 0;
			defaultConfigurationName = Release;
		};
		A3AAB93A1EBF2EE900AE53E5 /* Build configuration list for PBXNativeTarget "StarWarsLexicon" */ = {
			isa = XCConfigurationList;
			buildConfigurations = (
				A3AAB93B1EBF2EE900AE53E5 /* Debug */,
				A3AAB93C1EBF2EE900AE53E5 /* Release */,
			);
			defaultConfigurationIsVisible = 0;
			defaultConfigurationName = Release;
		};
/* End XCConfigurationList section */

/* Begin XCVersionGroup section */
		A31803091F2DCF5A00C8462D /* StarWarsLexicon.xcdatamodeld */ = {
			isa = XCVersionGroup;
			children = (
				A318030A1F2DCF5A00C8462D /* StarWarsLexicon.xcdatamodel */,
			);
			currentVersion = A318030A1F2DCF5A00C8462D /* StarWarsLexicon.xcdatamodel */;
			path = StarWarsLexicon.xcdatamodeld;
			sourceTree = "<group>";
			versionGroupType = wrapper.xcdatamodel;
		};
/* End XCVersionGroup section */
	};
	rootObject = A3AAB9201EBF2EE900AE53E5 /* Project object */;
}
