// !$*UTF8*$!
{
	archiveVersion = 1;
	classes = {
	};
	objectVersion = 46;
	objects = {

/* Begin PBXBuildFile section */
		A313AF231F00A90D006EA7EC /* CircularImage.swift in Sources */ = {isa = PBXBuildFile; fileRef = A313AF221F00A90D006EA7EC /* CircularImage.swift */; };
		A3257B0A1EC1E36D0067C282 /* SWCategory.swift in Sources */ = {isa = PBXBuildFile; fileRef = A3257B091EC1E36D0067C282 /* SWCategory.swift */; };
		A3257B0C1EC1E53C0067C282 /* Film.swift in Sources */ = {isa = PBXBuildFile; fileRef = A3257B0B1EC1E53C0067C282 /* Film.swift */; };
		A328525C1F00F60600619637 /* Vehicle.swift in Sources */ = {isa = PBXBuildFile; fileRef = A328525B1F00F60600619637 /* Vehicle.swift */; };
		A328525E1F0121BC00619637 /* Species.swift in Sources */ = {isa = PBXBuildFile; fileRef = A328525D1F0121BC00619637 /* Species.swift */; };
		A32852601F01264400619637 /* Planet.swift in Sources */ = {isa = PBXBuildFile; fileRef = A328525F1F01264400619637 /* Planet.swift */; };
		A331AD7A1EFE3FA1004DBC51 /* FilmCell.swift in Sources */ = {isa = PBXBuildFile; fileRef = A331AD791EFE3FA1004DBC51 /* FilmCell.swift */; };
		A34FCD481F0263A0001008EB /* CellBackgroundView.swift in Sources */ = {isa = PBXBuildFile; fileRef = A34FCD471F0263A0001008EB /* CellBackgroundView.swift */; };
		A356F4DA1F0281CF006AA594 /* Starjedi.ttf in Resources */ = {isa = PBXBuildFile; fileRef = A356F4D91F0281CF006AA594 /* Starjedi.ttf */; };
		A35BF9951EE3F73700758C0E /* Character.swift in Sources */ = {isa = PBXBuildFile; fileRef = A35BF9941EE3F73600758C0E /* Character.swift */; };
		A3A4CFB91EE297BB00DB97C2 /* CollectionVC.swift in Sources */ = {isa = PBXBuildFile; fileRef = A3A4CFB81EE297BB00DB97C2 /* CollectionVC.swift */; };
		A3A4CFBB1EE29C2C00DB97C2 /* SWCell.swift in Sources */ = {isa = PBXBuildFile; fileRef = A3A4CFBA1EE29C2C00DB97C2 /* SWCell.swift */; };
		A3AAB92C1EBF2EE900AE53E5 /* AppDelegate.swift in Sources */ = {isa = PBXBuildFile; fileRef = A3AAB92B1EBF2EE900AE53E5 /* AppDelegate.swift */; };
		A3AAB92E1EBF2EE900AE53E5 /* FilmsVC.swift in Sources */ = {isa = PBXBuildFile; fileRef = A3AAB92D1EBF2EE900AE53E5 /* FilmsVC.swift */; };
		A3AAB9311EBF2EE900AE53E5 /* Main.storyboard in Resources */ = {isa = PBXBuildFile; fileRef = A3AAB92F1EBF2EE900AE53E5 /* Main.storyboard */; };
		A3AAB9331EBF2EE900AE53E5 /* Assets.xcassets in Resources */ = {isa = PBXBuildFile; fileRef = A3AAB9321EBF2EE900AE53E5 /* Assets.xcassets */; };
		A3AAB9361EBF2EE900AE53E5 /* LaunchScreen.storyboard in Resources */ = {isa = PBXBuildFile; fileRef = A3AAB9341EBF2EE900AE53E5 /* LaunchScreen.storyboard */; };
		A3AAB93E1EBF2F6600AE53E5 /* Constants.swift in Sources */ = {isa = PBXBuildFile; fileRef = A3AAB93D1EBF2F6600AE53E5 /* Constants.swift */; };
		A3AAB9401EBF302800AE53E5 /* DataService.swift in Sources */ = {isa = PBXBuildFile; fileRef = A3AAB93F1EBF302800AE53E5 /* DataService.swift */; };
		A3B10A711F00EBFC007BBD35 /* Starship.swift in Sources */ = {isa = PBXBuildFile; fileRef = A3B10A701F00EBFC007BBD35 /* Starship.swift */; };
		A3F5D27D1ED75AFF00007455 /* FilmDetailVC.swift in Sources */ = {isa = PBXBuildFile; fileRef = A3F5D27C1ED75AFF00007455 /* FilmDetailVC.swift */; };
/* End PBXBuildFile section */

/* Begin PBXFileReference section */
		A313AF221F00A90D006EA7EC /* CircularImage.swift */ = {isa = PBXFileReference; fileEncoding = 4; lastKnownFileType = sourcecode.swift; path = CircularImage.swift; sourceTree = "<group>"; };
		A3257B091EC1E36D0067C282 /* SWCategory.swift */ = {isa = PBXFileReference; fileEncoding = 4; lastKnownFileType = sourcecode.swift; path = SWCategory.swift; sourceTree = "<group>"; };
		A3257B0B1EC1E53C0067C282 /* Film.swift */ = {isa = PBXFileReference; fileEncoding = 4; lastKnownFileType = sourcecode.swift; path = Film.swift; sourceTree = "<group>"; };
		A328525B1F00F60600619637 /* Vehicle.swift */ = {isa = PBXFileReference; fileEncoding = 4; lastKnownFileType = sourcecode.swift; path = Vehicle.swift; sourceTree = "<group>"; };
		A328525D1F0121BC00619637 /* Species.swift */ = {isa = PBXFileReference; fileEncoding = 4; lastKnownFileType = sourcecode.swift; path = Species.swift; sourceTree = "<group>"; };
		A328525F1F01264400619637 /* Planet.swift */ = {isa = PBXFileReference; fileEncoding = 4; lastKnownFileType = sourcecode.swift; path = Planet.swift; sourceTree = "<group>"; };
		A331AD791EFE3FA1004DBC51 /* FilmCell.swift */ = {isa = PBXFileReference; fileEncoding = 4; lastKnownFileType = sourcecode.swift; path = FilmCell.swift; sourceTree = "<group>"; };
		A34FCD471F0263A0001008EB /* CellBackgroundView.swift */ = {isa = PBXFileReference; fileEncoding = 4; lastKnownFileType = sourcecode.swift; path = CellBackgroundView.swift; sourceTree = "<group>"; };
		A356F4D91F0281CF006AA594 /* Starjedi.ttf */ = {isa = PBXFileReference; lastKnownFileType = file; name = Starjedi.ttf; path = StarWarsLexicon/Assets.xcassets/Starjedi.dataset/Starjedi.ttf; sourceTree = "<group>"; };
		A35BF9941EE3F73600758C0E /* Character.swift */ = {isa = PBXFileReference; fileEncoding = 4; lastKnownFileType = sourcecode.swift; path = Character.swift; sourceTree = "<group>"; };
		A3A4CFB81EE297BB00DB97C2 /* CollectionVC.swift */ = {isa = PBXFileReference; fileEncoding = 4; lastKnownFileType = sourcecode.swift; path = CollectionVC.swift; sourceTree = "<group>"; };
		A3A4CFBA1EE29C2C00DB97C2 /* SWCell.swift */ = {isa = PBXFileReference; fileEncoding = 4; lastKnownFileType = sourcecode.swift; path = SWCell.swift; sourceTree = "<group>"; };
		A3AAB9281EBF2EE900AE53E5 /* StarWarsLexicon.app */ = {isa = PBXFileReference; explicitFileType = wrapper.application; includeInIndex = 0; path = StarWarsLexicon.app; sourceTree = BUILT_PRODUCTS_DIR; };
		A3AAB92B1EBF2EE900AE53E5 /* AppDelegate.swift */ = {isa = PBXFileReference; lastKnownFileType = sourcecode.swift; path = AppDelegate.swift; sourceTree = "<group>"; };
		A3AAB92D1EBF2EE900AE53E5 /* FilmsVC.swift */ = {isa = PBXFileReference; lastKnownFileType = sourcecode.swift; path = FilmsVC.swift; sourceTree = "<group>"; };
		A3AAB9301EBF2EE900AE53E5 /* Base */ = {isa = PBXFileReference; lastKnownFileType = file.storyboard; name = Base; path = Base.lproj/Main.storyboard; sourceTree = "<group>"; };
		A3AAB9321EBF2EE900AE53E5 /* Assets.xcassets */ = {isa = PBXFileReference; lastKnownFileType = folder.assetcatalog; path = Assets.xcassets; sourceTree = "<group>"; };
		A3AAB9351EBF2EE900AE53E5 /* Base */ = {isa = PBXFileReference; lastKnownFileType = file.storyboard; name = Base; path = Base.lproj/LaunchScreen.storyboard; sourceTree = "<group>"; };
		A3AAB9371EBF2EE900AE53E5 /* Info.plist */ = {isa = PBXFileReference; lastKnownFileType = text.plist.xml; path = Info.plist; sourceTree = "<group>"; };
		A3AAB93D1EBF2F6600AE53E5 /* Constants.swift */ = {isa = PBXFileReference; fileEncoding = 4; lastKnownFileType = sourcecode.swift; name = Constants.swift; path = ../Constants.swift; sourceTree = "<group>"; };
		A3AAB93F1EBF302800AE53E5 /* DataService.swift */ = {isa = PBXFileReference; fileEncoding = 4; lastKnownFileType = sourcecode.swift; name = DataService.swift; path = ../DataService.swift; sourceTree = "<group>"; };
		A3B10A701F00EBFC007BBD35 /* Starship.swift */ = {isa = PBXFileReference; fileEncoding = 4; lastKnownFileType = sourcecode.swift; path = Starship.swift; sourceTree = "<group>"; };
		A3F5D27C1ED75AFF00007455 /* FilmDetailVC.swift */ = {isa = PBXFileReference; fileEncoding = 4; lastKnownFileType = sourcecode.swift; path = FilmDetailVC.swift; sourceTree = "<group>"; };
/* End PBXFileReference section */

/* Begin PBXFrameworksBuildPhase section */
		A3AAB9251EBF2EE900AE53E5 /* Frameworks */ = {
			isa = PBXFrameworksBuildPhase;
			buildActionMask = 2147483647;
			files = (
			);
			runOnlyForDeploymentPostprocessing = 0;
		};
/* End PBXFrameworksBuildPhase section */

/* Begin PBXGroup section */
		A35BF9931EE3F71500758C0E /* SWCategories */ = {
			isa = PBXGroup;
			children = (
				A3257B091EC1E36D0067C282 /* SWCategory.swift */,
				A3257B0B1EC1E53C0067C282 /* Film.swift */,
				A35BF9941EE3F73600758C0E /* Character.swift */,
				A3B10A701F00EBFC007BBD35 /* Starship.swift */,
				A328525B1F00F60600619637 /* Vehicle.swift */,
				A328525F1F01264400619637 /* Planet.swift */,
				A328525D1F0121BC00619637 /* Species.swift */,
			);
			name = SWCategories;
			sourceTree = "<group>";
		};
		A3A4CFBC1EE2A0CF00DB97C2 /* Controller */ = {
			isa = PBXGroup;
			children = (
				A3F5D27C1ED75AFF00007455 /* FilmDetailVC.swift */,
				A3AAB92D1EBF2EE900AE53E5 /* FilmsVC.swift */,
				A3A4CFB81EE297BB00DB97C2 /* CollectionVC.swift */,
			);
			name = Controller;
			sourceTree = "<group>";
		};
		A3A4CFBD1EE2A0D800DB97C2 /* View */ = {
			isa = PBXGroup;
			children = (
				A3A4CFBA1EE29C2C00DB97C2 /* SWCell.swift */,
				A331AD791EFE3FA1004DBC51 /* FilmCell.swift */,
				A313AF221F00A90D006EA7EC /* CircularImage.swift */,
				A34FCD471F0263A0001008EB /* CellBackgroundView.swift */,
			);
			name = View;
			sourceTree = "<group>";
		};
		A3A4CFBE1EE2A0E500DB97C2 /* Model */ = {
			isa = PBXGroup;
			children = (
				A35BF9931EE3F71500758C0E /* SWCategories */,
				A3AAB93F1EBF302800AE53E5 /* DataService.swift */,
			);
			name = Model;
			sourceTree = "<group>";
		};
		A3AAB91F1EBF2EE900AE53E5 = {
			isa = PBXGroup;
			children = (
				A356F4D91F0281CF006AA594 /* Starjedi.ttf */,
				A3AAB92A1EBF2EE900AE53E5 /* StarWarsLexicon */,
				A3AAB9291EBF2EE900AE53E5 /* Products */,
			);
			sourceTree = "<group>";
		};
		A3AAB9291EBF2EE900AE53E5 /* Products */ = {
			isa = PBXGroup;
			children = (
				A3AAB9281EBF2EE900AE53E5 /* StarWarsLexicon.app */,
			);
			name = Products;
			sourceTree = "<group>";
		};
		A3AAB92A1EBF2EE900AE53E5 /* StarWarsLexicon */ = {
			isa = PBXGroup;
			children = (
				A3A4CFBE1EE2A0E500DB97C2 /* Model */,
				A3A4CFBD1EE2A0D800DB97C2 /* View */,
				A3A4CFBC1EE2A0CF00DB97C2 /* Controller */,
				A3AAB93D1EBF2F6600AE53E5 /* Constants.swift */,
				A3AAB92B1EBF2EE900AE53E5 /* AppDelegate.swift */,
				A3AAB92F1EBF2EE900AE53E5 /* Main.storyboard */,
				A3AAB9321EBF2EE900AE53E5 /* Assets.xcassets */,
				A3AAB9341EBF2EE900AE53E5 /* LaunchScreen.storyboard */,
				A3AAB9371EBF2EE900AE53E5 /* Info.plist */,
			);
			path = StarWarsLexicon;
			sourceTree = "<group>";
		};
/* End PBXGroup section */

/* Begin PBXNativeTarget section */
		A3AAB9271EBF2EE900AE53E5 /* StarWarsLexicon */ = {
			isa = PBXNativeTarget;
			buildConfigurationList = A3AAB93A1EBF2EE900AE53E5 /* Build configuration list for PBXNativeTarget "StarWarsLexicon" */;
			buildPhases = (
				A3AAB9241EBF2EE900AE53E5 /* Sources */,
				A3AAB9251EBF2EE900AE53E5 /* Frameworks */,
				A3AAB9261EBF2EE900AE53E5 /* Resources */,
			);
			buildRules = (
			);
			dependencies = (
			);
			name = StarWarsLexicon;
			productName = StarWarsLexicon;
			productReference = A3AAB9281EBF2EE900AE53E5 /* StarWarsLexicon.app */;
			productType = "com.apple.product-type.application";
		};
/* End PBXNativeTarget section */

/* Begin PBXProject section */
		A3AAB9201EBF2EE900AE53E5 /* Project object */ = {
			isa = PBXProject;
			attributes = {
				LastSwiftUpdateCheck = 0830;
				LastUpgradeCheck = 0830;
				ORGANIZATIONNAME = "Joshua Kaplan";
				TargetAttributes = {
					A3AAB9271EBF2EE900AE53E5 = {
						CreatedOnToolsVersion = 8.3.2;
						DevelopmentTeam = 3EFBU2355T;
						ProvisioningStyle = Automatic;
					};
				};
			};
			buildConfigurationList = A3AAB9231EBF2EE900AE53E5 /* Build configuration list for PBXProject "StarWarsLexicon" */;
			compatibilityVersion = "Xcode 3.2";
			developmentRegion = English;
			hasScannedForEncodings = 0;
			knownRegions = (
				en,
				Base,
			);
			mainGroup = A3AAB91F1EBF2EE900AE53E5;
			productRefGroup = A3AAB9291EBF2EE900AE53E5 /* Products */;
			projectDirPath = "";
			projectRoot = "";
			targets = (
				A3AAB9271EBF2EE900AE53E5 /* StarWarsLexicon */,
			);
		};
/* End PBXProject section */

/* Begin PBXResourcesBuildPhase section */
		A3AAB9261EBF2EE900AE53E5 /* Resources */ = {
			isa = PBXResourcesBuildPhase;
			buildActionMask = 2147483647;
			files = (
				A356F4DA1F0281CF006AA594 /* Starjedi.ttf in Resources */,
				A3AAB9361EBF2EE900AE53E5 /* LaunchScreen.storyboard in Resources */,
				A3AAB9331EBF2EE900AE53E5 /* Assets.xcassets in Resources */,
				A3AAB9311EBF2EE900AE53E5 /* Main.storyboard in Resources */,
			);
			runOnlyForDeploymentPostprocessing = 0;
		};
/* End PBXResourcesBuildPhase section */

/* Begin PBXSourcesBuildPhase section */
		A3AAB9241EBF2EE900AE53E5 /* Sources */ = {
			isa = PBXSourcesBuildPhase;
			buildActionMask = 2147483647;
			files = (
				A3AAB92E1EBF2EE900AE53E5 /* FilmsVC.swift in Sources */,
				A3F5D27D1ED75AFF00007455 /* FilmDetailVC.swift in Sources */,
				A3B10A711F00EBFC007BBD35 /* Starship.swift in Sources */,
				A313AF231F00A90D006EA7EC /* CircularImage.swift in Sources */,
				A328525C1F00F60600619637 /* Vehicle.swift in Sources */,
				A3257B0A1EC1E36D0067C282 /* SWCategory.swift in Sources */,
				A35BF9951EE3F73700758C0E /* Character.swift in Sources */,
				A3AAB92C1EBF2EE900AE53E5 /* AppDelegate.swift in Sources */,
				A34FCD481F0263A0001008EB /* CellBackgroundView.swift in Sources */,
				A3A4CFB91EE297BB00DB97C2 /* CollectionVC.swift in Sources */,
				A3AAB93E1EBF2F6600AE53E5 /* Constants.swift in Sources */,
				A3AAB9401EBF302800AE53E5 /* DataService.swift in Sources */,
				A32852601F01264400619637 /* Planet.swift in Sources */,
				A3A4CFBB1EE29C2C00DB97C2 /* SWCell.swift in Sources */,
				A3257B0C1EC1E53C0067C282 /* Film.swift in Sources */,
				A328525E1F0121BC00619637 /* Species.swift in Sources */,
				A331AD7A1EFE3FA1004DBC51 /* FilmCell.swift in Sources */,
			);
			runOnlyForDeploymentPostprocessing = 0;
		};
/* End PBXSourcesBuildPhase section */

/* Begin PBXVariantGroup section */
		A3AAB92F1EBF2EE900AE53E5 /* Main.storyboard */ = {
			isa = PBXVariantGroup;
			children = (
				A3AAB9301EBF2EE900AE53E5 /* Base */,
			);
			name = Main.storyboard;
			sourceTree = "<group>";
		};
		A3AAB9341EBF2EE900AE53E5 /* LaunchScreen.storyboard */ = {
			isa = PBXVariantGroup;
			children = (
				A3AAB9351EBF2EE900AE53E5 /* Base */,
			);
			name = LaunchScreen.storyboard;
			sourceTree = "<group>";
		};
/* End PBXVariantGroup section */

/* Begin XCBuildConfiguration section */
		A3AAB9381EBF2EE900AE53E5 /* Debug */ = {
			isa = XCBuildConfiguration;
			buildSettings = {
				ALWAYS_SEARCH_USER_PATHS = NO;
				CLANG_ANALYZER_NONNULL = YES;
				CLANG_ANALYZER_NUMBER_OBJECT_CONVERSION = YES_AGGRESSIVE;
				CLANG_CXX_LANGUAGE_STANDARD = "gnu++0x";
				CLANG_CXX_LIBRARY = "libc++";
				CLANG_ENABLE_MODULES = YES;
				CLANG_ENABLE_OBJC_ARC = YES;
				CLANG_WARN_BOOL_CONVERSION = YES;
				CLANG_WARN_CONSTANT_CONVERSION = YES;
				CLANG_WARN_DIRECT_OBJC_ISA_USAGE = YES_ERROR;
				CLANG_WARN_DOCUMENTATION_COMMENTS = YES;
				CLANG_WARN_EMPTY_BODY = YES;
				CLANG_WARN_ENUM_CONVERSION = YES;
				CLANG_WARN_INFINITE_RECURSION = YES;
				CLANG_WARN_INT_CONVERSION = YES;
				CLANG_WARN_OBJC_ROOT_CLASS = YES_ERROR;
				CLANG_WARN_SUSPICIOUS_MOVE = YES;
				CLANG_WARN_UNREACHABLE_CODE = YES;
				CLANG_WARN__DUPLICATE_METHOD_MATCH = YES;
				"CODE_SIGN_IDENTITY[sdk=iphoneos*]" = "iPhone Developer";
				COPY_PHASE_STRIP = NO;
				DEBUG_INFORMATION_FORMAT = dwarf;
				ENABLE_STRICT_OBJC_MSGSEND = YES;
				ENABLE_TESTABILITY = YES;
				GCC_C_LANGUAGE_STANDARD = gnu99;
				GCC_DYNAMIC_NO_PIC = NO;
				GCC_NO_COMMON_BLOCKS = YES;
				GCC_OPTIMIZATION_LEVEL = 0;
				GCC_PREPROCESSOR_DEFINITIONS = (
					"DEBUG=1",
					"$(inherited)",
				);
				GCC_WARN_64_TO_32_BIT_CONVERSION = YES;
				GCC_WARN_ABOUT_RETURN_TYPE = YES_ERROR;
				GCC_WARN_UNDECLARED_SELECTOR = YES;
				GCC_WARN_UNINITIALIZED_AUTOS = YES_AGGRESSIVE;
				GCC_WARN_UNUSED_FUNCTION = YES;
				GCC_WARN_UNUSED_VARIABLE = YES;
				IPHONEOS_DEPLOYMENT_TARGET = 10.3;
				MTL_ENABLE_DEBUG_INFO = YES;
				ONLY_ACTIVE_ARCH = YES;
				SDKROOT = iphoneos;
				SWIFT_ACTIVE_COMPILATION_CONDITIONS = DEBUG;
				SWIFT_OPTIMIZATION_LEVEL = "-Onone";
				TARGETED_DEVICE_FAMILY = "1,2";
			};
			name = Debug;
		};
		A3AAB9391EBF2EE900AE53E5 /* Release */ = {
			isa = XCBuildConfiguration;
			buildSettings = {
				ALWAYS_SEARCH_USER_PATHS = NO;
				CLANG_ANALYZER_NONNULL = YES;
				CLANG_ANALYZER_NUMBER_OBJECT_CONVERSION = YES_AGGRESSIVE;
				CLANG_CXX_LANGUAGE_STANDARD = "gnu++0x";
				CLANG_CXX_LIBRARY = "libc++";
				CLANG_ENABLE_MODULES = YES;
				CLANG_ENABLE_OBJC_ARC = YES;
				CLANG_WARN_BOOL_CONVERSION = YES;
				CLANG_WARN_CONSTANT_CONVERSION = YES;
				CLANG_WARN_DIRECT_OBJC_ISA_USAGE = YES_ERROR;
				CLANG_WARN_DOCUMENTATION_COMMENTS = YES;
				CLANG_WARN_EMPTY_BODY = YES;
				CLANG_WARN_ENUM_CONVERSION = YES;
				CLANG_WARN_INFINITE_RECURSION = YES;
				CLANG_WARN_INT_CONVERSION = YES;
				CLANG_WARN_OBJC_ROOT_CLASS = YES_ERROR;
				CLANG_WARN_SUSPICIOUS_MOVE = YES;
				CLANG_WARN_UNREACHABLE_CODE = YES;
				CLANG_WARN__DUPLICATE_METHOD_MATCH = YES;
				"CODE_SIGN_IDENTITY[sdk=iphoneos*]" = "iPhone Developer";
				COPY_PHASE_STRIP = NO;
				DEBUG_INFORMATION_FORMAT = "dwarf-with-dsym";
				ENABLE_NS_ASSERTIONS = NO;
				ENABLE_STRICT_OBJC_MSGSEND = YES;
				GCC_C_LANGUAGE_STANDARD = gnu99;
				GCC_NO_COMMON_BLOCKS = YES;
				GCC_WARN_64_TO_32_BIT_CONVERSION = YES;
				GCC_WARN_ABOUT_RETURN_TYPE = YES_ERROR;
				GCC_WARN_UNDECLARED_SELECTOR = YES;
				GCC_WARN_UNINITIALIZED_AUTOS = YES_AGGRESSIVE;
				GCC_WARN_UNUSED_FUNCTION = YES;
				GCC_WARN_UNUSED_VARIABLE = YES;
				IPHONEOS_DEPLOYMENT_TARGET = 10.3;
				MTL_ENABLE_DEBUG_INFO = NO;
				SDKROOT = iphoneos;
				SWIFT_OPTIMIZATION_LEVEL = "-Owholemodule";
				TARGETED_DEVICE_FAMILY = "1,2";
				VALIDATE_PRODUCT = YES;
			};
			name = Release;
		};
		A3AAB93B1EBF2EE900AE53E5 /* Debug */ = {
			isa = XCBuildConfiguration;
			buildSettings = {
				ASSETCATALOG_COMPILER_APPICON_NAME = AppIcon;
				DEVELOPMENT_TEAM = 3EFBU2355T;
				INFOPLIST_FILE = StarWarsLexicon/Info.plist;
				LD_RUNPATH_SEARCH_PATHS = "$(inherited) @executable_path/Frameworks";
				PRODUCT_BUNDLE_IDENTIFIER = com.josh.StarWarsLexicon;
				PRODUCT_NAME = "$(TARGET_NAME)";
				SWIFT_VERSION = 3.0;
			};
			name = Debug;
		};
		A3AAB93C1EBF2EE900AE53E5 /* Release */ = {
			isa = XCBuildConfiguration;
			buildSettings = {
				ASSETCATALOG_COMPILER_APPICON_NAME = AppIcon;
				DEVELOPMENT_TEAM = 3EFBU2355T;
				INFOPLIST_FILE = StarWarsLexicon/Info.plist;
				LD_RUNPATH_SEARCH_PATHS = "$(inherited) @executable_path/Frameworks";
				PRODUCT_BUNDLE_IDENTIFIER = com.josh.StarWarsLexicon;
				PRODUCT_NAME = "$(TARGET_NAME)";
				SWIFT_VERSION = 3.0;
			};
			name = Release;
		};
/* End XCBuildConfiguration section */

/* Begin XCConfigurationList section */
		A3AAB9231EBF2EE900AE53E5 /* Build configuration list for PBXProject "StarWarsLexicon" */ = {
			isa = XCConfigurationList;
			buildConfigurations = (
				A3AAB9381EBF2EE900AE53E5 /* Debug */,
				A3AAB9391EBF2EE900AE53E5 /* Release */,
			);
			defaultConfigurationIsVisible = 0;
			defaultConfigurationName = Release;
		};
		A3AAB93A1EBF2EE900AE53E5 /* Build configuration list for PBXNativeTarget "StarWarsLexicon" */ = {
			isa = XCConfigurationList;
			buildConfigurations = (
				A3AAB93B1EBF2EE900AE53E5 /* Debug */,
				A3AAB93C1EBF2EE900AE53E5 /* Release */,
			);
			defaultConfigurationIsVisible = 0;
			defaultConfigurationName = Release;
		};
/* End XCConfigurationList section */
	};
	rootObject = A3AAB9201EBF2EE900AE53E5 /* Project object */;
}
